
Microsoft Visual Studio Solution File, Format Version 12.00
# Visual Studio 14
VisualStudioVersion = 14.0.24720.0
MinimumVisualStudioVersion = 10.0.40219.1
Project("{FAE04EC0-301F-11D3-BF4B-00C04F79EFBC}") = "Server", "server\Server.csproj", "{7A5689E9-F077-4B7C-825F-5D9EE0D8547D}"
EndProject
Project("{FAE04EC0-301F-11D3-BF4B-00C04F79EFBC}") = "ServerTest", "ServerTest\ServerTest.csproj", "{0B8EC89D-F065-465D-87E4-D7D400BDB283}"
EndProject
Project("{FAE04EC0-301F-11D3-BF4B-00C04F79EFBC}") = "Core", "Core\Core.csproj", "{98CC12DF-8BDA-4A6C-9BDD-9A20401BD6BA}"
EndProject
Project("{FAE04EC0-301F-11D3-BF4B-00C04F79EFBC}") = "CoreTest", "CoreTest\CoreTest.csproj", "{3F696F83-6ACC-46F8-9A15-CC5839455FE0}"
EndProject
Global
	GlobalSection(SolutionConfigurationPlatforms) = preSolution
		Debug|Any CPU = Debug|Any CPU
		Release|Any CPU = Release|Any CPU
	EndGlobalSection
	GlobalSection(ProjectConfigurationPlatforms) = postSolution
		{7A5689E9-F077-4B7C-825F-5D9EE0D8547D}.Debug|Any CPU.ActiveCfg = Debug|Any CPU
		{7A5689E9-F077-4B7C-825F-5D9EE0D8547D}.Debug|Any CPU.Build.0 = Debug|Any CPU
		{7A5689E9-F077-4B7C-825F-5D9EE0D8547D}.Release|Any CPU.ActiveCfg = Release|Any CPU
		{7A5689E9-F077-4B7C-825F-5D9EE0D8547D}.Release|Any CPU.Build.0 = Release|Any CPU
		{0B8EC89D-F065-465D-87E4-D7D400BDB283}.Debug|Any CPU.ActiveCfg = Debug|Any CPU
		{0B8EC89D-F065-465D-87E4-D7D400BDB283}.Debug|Any CPU.Build.0 = Debug|Any CPU
		{0B8EC89D-F065-465D-87E4-D7D400BDB283}.Release|Any CPU.ActiveCfg = Release|Any CPU
		{0B8EC89D-F065-465D-87E4-D7D400BDB283}.Release|Any CPU.Build.0 = Release|Any CPU
		{98CC12DF-8BDA-4A6C-9BDD-9A20401BD6BA}.Debug|Any CPU.ActiveCfg = Debug|Any CPU
		{98CC12DF-8BDA-4A6C-9BDD-9A20401BD6BA}.Debug|Any CPU.Build.0 = Debug|Any CPU
		{98CC12DF-8BDA-4A6C-9BDD-9A20401BD6BA}.Release|Any CPU.ActiveCfg = Release|Any CPU
		{98CC12DF-8BDA-4A6C-9BDD-9A20401BD6BA}.Release|Any CPU.Build.0 = Release|Any CPU
		{3F696F83-6ACC-46F8-9A15-CC5839455FE0}.Debug|Any CPU.ActiveCfg = Debug|Any CPU
		{3F696F83-6ACC-46F8-9A15-CC5839455FE0}.Debug|Any CPU.Build.0 = Debug|Any CPU
		{3F696F83-6ACC-46F8-9A15-CC5839455FE0}.Release|Any CPU.ActiveCfg = Release|Any CPU
		{3F696F83-6ACC-46F8-9A15-CC5839455FE0}.Release|Any CPU.Build.0 = Release|Any CPU
	EndGlobalSection
	GlobalSection(SolutionProperties) = preSolution
		HideSolutionNode = FALSE
	EndGlobalSection
EndGlobal
